
Microsoft Visual Studio Solution File, Format Version 12.00
# Visual Studio Version 17
VisualStudioVersion = 17.3.32901.215
MinimumVisualStudioVersion = 10.0.40219.1
Project("{FAE04EC0-301F-11D3-BF4B-00C04F79EFBC}") = "MarsMission", "MarsMission\MarsMission.csproj", "{82972021-B1E6-4BCB-ABB6-1E4FCB7AAB9B}"
EndProject
Global
	GlobalSection(SolutionConfigurationPlatforms) = preSolution
		Debug|Any CPU = Debug|Any CPU
		Release|Any CPU = Release|Any CPU
	EndGlobalSection
	GlobalSection(ProjectConfigurationPlatforms) = postSolution
		{82972021-B1E6-4BCB-ABB6-1E4FCB7AAB9B}.Debug|Any CPU.ActiveCfg = Debug|Any CPU
		{82972021-B1E6-4BCB-ABB6-1E4FCB7AAB9B}.Debug|Any CPU.Build.0 = Debug|Any CPU
		{82972021-B1E6-4BCB-ABB6-1E4FCB7AAB9B}.Release|Any CPU.ActiveCfg = Release|Any CPU
		{82972021-B1E6-4BCB-ABB6-1E4FCB7AAB9B}.Release|Any CPU.Build.0 = Release|Any CPU
	EndGlobalSection
	GlobalSection(SolutionProperties) = preSolution
		HideSolutionNode = FALSE
	EndGlobalSection
	GlobalSection(ExtensibilityGlobals) = postSolution
		SolutionGuid = {E3360D62-AAA2-4EF9-85AB-ED636C501E26}
	EndGlobalSection
EndGlobal
